Microsoft Visual Studio Solution File, Format Version 11.00
# Visual Studio 2008

Project("{D58E310B-CC7A-56FA-675C-024D435EF77E}") = "unityflash", "Assembly-CSharp.csproj", "{ED48043C-7BE9-40F3-EC3C-3D4369E54740}"
EndProject
Project("{D58E310B-CC7A-56FA-675C-024D435EF77E}") = "unityflash", "Assembly-CSharp-Editor.csproj", "{7FF03E09-4B14-EFF9-4F08-36E102F327D3}"
EndProject
Global
	GlobalSection(SolutionConfigurationPlatforms) = preSolution
		Debug|Any CPU = Debug|Any CPU
		Release|Any CPU = Release|Any CPU
	EndGlobalSection
	GlobalSection(ProjectConfigurationPlatforms) = postSolution
		{ED48043C-7BE9-40F3-EC3C-3D4369E54740}.Debug|Any CPU.ActiveCfg = Debug|Any CPU
		{ED48043C-7BE9-40F3-EC3C-3D4369E54740}.Debug|Any CPU.Build.0 = Debug|Any CPU
		{ED48043C-7BE9-40F3-EC3C-3D4369E54740}.Release|Any CPU.ActiveCfg = Release|Any CPU
		{ED48043C-7BE9-40F3-EC3C-3D4369E54740}.Release|Any CPU.Build.0 = Release|Any CPU
		{7FF03E09-4B14-EFF9-4F08-36E102F327D3}.Debug|Any CPU.ActiveCfg = Debug|Any CPU
		{7FF03E09-4B14-EFF9-4F08-36E102F327D3}.Debug|Any CPU.Build.0 = Debug|Any CPU
		{7FF03E09-4B14-EFF9-4F08-36E102F327D3}.Release|Any CPU.ActiveCfg = Release|Any CPU
		{7FF03E09-4B14-EFF9-4F08-36E102F327D3}.Release|Any CPU.Build.0 = Release|Any CPU
	EndGlobalSection
	GlobalSection(SolutionProperties) = preSolution
		HideSolutionNode = FALSE
	EndGlobalSection
	GlobalSection(MonoDevelopProperties) = preSolution
		StartupItem = Assembly-CSharp.csproj
	EndGlobalSection
EndGlobal
